
Microsoft Visual Studio Solution File, Format Version 12.00
# Visual Studio 14
VisualStudioVersion = 14.0.25420.1
MinimumVisualStudioVersion = 10.0.40219.1
Project("{FAE04EC0-301F-11D3-BF4B-00C04F79EFBC}") = "Singleton", "Singleton.csproj", "{654655FD-FCFC-48E2-A5E1-30B3574382E8}"
EndProject
Project("{FAE04EC0-301F-11D3-BF4B-00C04F79EFBC}") = "clSingleton", "..\clSingleton\clSingleton.csproj", "{D79D5F4E-F825-45EC-8A77-6A0326CB4144}"
EndProject
Project("{FAE04EC0-301F-11D3-BF4B-00C04F79EFBC}") = "UnitTestSingleton", "UnitTestSingleton\UnitTestSingleton.csproj", "{ADE43889-28E5-431F-A925-D48DC85B8D86}"
EndProject
Global
	GlobalSection(SolutionConfigurationPlatforms) = preSolution
		Debug|Any CPU = Debug|Any CPU
		Release|Any CPU = Release|Any CPU
	EndGlobalSection
	GlobalSection(ProjectConfigurationPlatforms) = postSolution
		{654655FD-FCFC-48E2-A5E1-30B3574382E8}.Debug|Any CPU.ActiveCfg = Debug|Any CPU
		{654655FD-FCFC-48E2-A5E1-30B3574382E8}.Debug|Any CPU.Build.0 = Debug|Any CPU
		{654655FD-FCFC-48E2-A5E1-30B3574382E8}.Release|Any CPU.ActiveCfg = Release|Any CPU
		{654655FD-FCFC-48E2-A5E1-30B3574382E8}.Release|Any CPU.Build.0 = Release|Any CPU
		{D79D5F4E-F825-45EC-8A77-6A0326CB4144}.Debug|Any CPU.ActiveCfg = Debug|Any CPU
		{D79D5F4E-F825-45EC-8A77-6A0326CB4144}.Debug|Any CPU.Build.0 = Debug|Any CPU
		{D79D5F4E-F825-45EC-8A77-6A0326CB4144}.Release|Any CPU.ActiveCfg = Release|Any CPU
		{D79D5F4E-F825-45EC-8A77-6A0326CB4144}.Release|Any CPU.Build.0 = Release|Any CPU
		{ADE43889-28E5-431F-A925-D48DC85B8D86}.Debug|Any CPU.ActiveCfg = Debug|Any CPU
		{ADE43889-28E5-431F-A925-D48DC85B8D86}.Debug|Any CPU.Build.0 = Debug|Any CPU
		{ADE43889-28E5-431F-A925-D48DC85B8D86}.Release|Any CPU.ActiveCfg = Release|Any CPU
		{ADE43889-28E5-431F-A925-D48DC85B8D86}.Release|Any CPU.Build.0 = Release|Any CPU
	EndGlobalSection
	GlobalSection(SolutionProperties) = preSolution
		HideSolutionNode = FALSE
	EndGlobalSection
EndGlobal
